
Microsoft Visual Studio Solution File, Format Version 12.00
# Visual Studio Version 17
VisualStudioVersion = 17.10.35013.160
MinimumVisualStudioVersion = 10.0.40219.1
Project("{FAE04EC0-301F-11D3-BF4B-00C04F79EFBC}") = "Calculator", "Calculator.csproj", "{62B92AA1-1855-4B9A-BEC2-1B6D4D22314D}"
EndProject
Global
	GlobalSection(SolutionConfigurationPlatforms) = preSolution
		Debug|Any CPU = Debug|Any CPU
		Release|Any CPU = Release|Any CPU
	EndGlobalSection
	GlobalSection(ProjectConfigurationPlatforms) = postSolution
		{62B92AA1-1855-4B9A-BEC2-1B6D4D22314D}.Debug|Any CPU.ActiveCfg = Debug|Any CPU
		{62B92AA1-1855-4B9A-BEC2-1B6D4D22314D}.Debug|Any CPU.Build.0 = Debug|Any CPU
		{62B92AA1-1855-4B9A-BEC2-1B6D4D22314D}.Release|Any CPU.ActiveCfg = Release|Any CPU
		{62B92AA1-1855-4B9A-BEC2-1B6D4D22314D}.Release|Any CPU.Build.0 = Release|Any CPU
	EndGlobalSection
	GlobalSection(SolutionProperties) = preSolution
		HideSolutionNode = FALSE
	EndGlobalSection
	GlobalSection(ExtensibilityGlobals) = postSolution
		SolutionGuid = {778BE1CC-6872-4EE7-BCD6-B407ABDCE6A6}
	EndGlobalSection
EndGlobal
